
Microsoft Visual Studio Solution File, Format Version 12.00
# Visual Studio Version 17
VisualStudioVersion = 17.7.34031.279
MinimumVisualStudioVersion = 10.0.40219.1
Project("{FAE04EC0-301F-11D3-BF4B-00C04F79EFBC}") = "Arrays1", "Arrays1\Arrays1.csproj", "{1462CBB9-C509-4E9D-BA61-D83F75CFFA4D}"
EndProject
Global
	GlobalSection(SolutionConfigurationPlatforms) = preSolution
		Debug|Any CPU = Debug|Any CPU
		Release|Any CPU = Release|Any CPU
	EndGlobalSection
	GlobalSection(ProjectConfigurationPlatforms) = postSolution
		{1462CBB9-C509-4E9D-BA61-D83F75CFFA4D}.Debug|Any CPU.ActiveCfg = Debug|Any CPU
		{1462CBB9-C509-4E9D-BA61-D83F75CFFA4D}.Debug|Any CPU.Build.0 = Debug|Any CPU
		{1462CBB9-C509-4E9D-BA61-D83F75CFFA4D}.Release|Any CPU.ActiveCfg = Release|Any CPU
		{1462CBB9-C509-4E9D-BA61-D83F75CFFA4D}.Release|Any CPU.Build.0 = Release|Any CPU
	EndGlobalSection
	GlobalSection(SolutionProperties) = preSolution
		HideSolutionNode = FALSE
	EndGlobalSection
	GlobalSection(ExtensibilityGlobals) = postSolution
		SolutionGuid = {0250B7B0-4903-48E4-ACA9-60596B21859F}
	EndGlobalSection
EndGlobal
